// !$*UTF8*$!
{
	archiveVersion = 1;
	classes = {
	};
	objectVersion = 46;
	objects = {

/* Begin PBXBuildFile section */
		68074F4C1DEB9CC1006A0151 /* AppDelegate.swift in Sources */ = {isa = PBXBuildFile; fileRef = 68074F4B1DEB9CC1006A0151 /* AppDelegate.swift */; };
		68074F4E1DEB9CC1006A0151 /* ViewController.swift in Sources */ = {isa = PBXBuildFile; fileRef = 68074F4D1DEB9CC1006A0151 /* ViewController.swift */; };
		68074F511DEB9CC1006A0151 /* Main.storyboard in Resources */ = {isa = PBXBuildFile; fileRef = 68074F4F1DEB9CC1006A0151 /* Main.storyboard */; };
		68074F531DEB9CC1006A0151 /* Assets.xcassets in Resources */ = {isa = PBXBuildFile; fileRef = 68074F521DEB9CC1006A0151 /* Assets.xcassets */; };
		68074F561DEB9CC1006A0151 /* LaunchScreen.storyboard in Resources */ = {isa = PBXBuildFile; fileRef = 68074F541DEB9CC1006A0151 /* LaunchScreen.storyboard */; };
/* End PBXBuildFile section */

/* Begin PBXFileReference section */
		68074F481DEB9CC1006A0151 /* Photo Demo.app */ = {isa = PBXFileReference; explicitFileType = wrapper.application; includeInIndex = 0; path = "Photo Demo.app"; sourceTree = BUILT_PRODUCTS_DIR; };
		68074F4B1DEB9CC1006A0151 /* AppDelegate.swift */ = {isa = PBXFileReference; lastKnownFileType = sourcecode.swift; path = AppDelegate.swift; sourceTree = "<group>"; };
		68074F4D1DEB9CC1006A0151 /* ViewController.swift */ = {isa = PBXFileReference; lastKnownFileType = sourcecode.swift; path = ViewController.swift; sourceTree = "<group>"; };
		68074F501DEB9CC1006A0151 /* Base */ = {isa = PBXFileReference; lastKnownFileType = file.storyboard; name = Base; path = Base.lproj/Main.storyboard; sourceTree = "<group>"; };
		68074F521DEB9CC1006A0151 /* Assets.xcassets */ = {isa = PBXFileReference; lastKnownFileType = folder.assetcatalog; path = Assets.xcassets; sourceTree = "<group>"; };
		68074F551DEB9CC1006A0151 /* Base */ = {isa = PBXFileReference; lastKnownFileType = file.storyboard; name = Base; path = Base.lproj/LaunchScreen.storyboard; sourceTree = "<group>"; };
		68074F571DEB9CC1006A0151 /* Info.plist */ = {isa = PBXFileReference; lastKnownFileType = text.plist.xml; path = Info.plist; sourceTree = "<group>"; };
/* End PBXFileReference section */

/* Begin PBXFrameworksBuildPhase section */
		68074F451DEB9CC1006A0151 /* Frameworks */ = {
			isa = PBXFrameworksBuildPhase;
			buildActionMask = 2147483647;
			files = (
			);
			runOnlyForDeploymentPostprocessing = 0;
		};
/* End PBXFrameworksBuildPhase section */

/* Begin PBXGroup section */
		68074F3F1DEB9CC1006A0151 = {
			isa = PBXGroup;
			children = (
				68074F4A1DEB9CC1006A0151 /* Photo Demo */,
				68074F491DEB9CC1006A0151 /* Products */,
			);
			sourceTree = "<group>";
		};
		68074F491DEB9CC1006A0151 /* Products */ = {
			isa = PBXGroup;
			children = (
				68074F481DEB9CC1006A0151 /* Photo Demo.app */,
			);
			name = Products;
			sourceTree = "<group>";
		};
		68074F4A1DEB9CC1006A0151 /* Photo Demo */ = {
			isa = PBXGroup;
			children = (
				68074F4B1DEB9CC1006A0151 /* AppDelegate.swift */,
				68074F4D1DEB9CC1006A0151 /* ViewController.swift */,
				68074F4F1DEB9CC1006A0151 /* Main.storyboard */,
				68074F521DEB9CC1006A0151 /* Assets.xcassets */,
				68074F541DEB9CC1006A0151 /* LaunchScreen.storyboard */,
				68074F571DEB9CC1006A0151 /* Info.plist */,
			);
			path = "Photo Demo";
			sourceTree = "<group>";
		};
/* End PBXGroup section */

/* Begin PBXNativeTarget section */
		68074F471DEB9CC1006A0151 /* Photo Demo */ = {
			isa = PBXNativeTarget;
			buildConfigurationList = 68074F5A1DEB9CC1006A0151 /* Build configuration list for PBXNativeTarget "Photo Demo" */;
			buildPhases = (
				68074F441DEB9CC1006A0151 /* Sources */,
				68074F451DEB9CC1006A0151 /* Frameworks */,
				68074F461DEB9CC1006A0151 /* Resources */,
			);
			buildRules = (
			);
			dependencies = (
			);
			name = "Photo Demo";
			productName = "Photo Demo";
			productReference = 68074F481DEB9CC1006A0151 /* Photo Demo.app */;
			productType = "com.apple.product-type.application";
		};
/* End PBXNativeTarget section */

/* Begin PBXProject section */
		68074F401DEB9CC1006A0151 /* Project object */ = {
			isa = PBXProject;
			attributes = {
				LastSwiftUpdateCheck = 0800;
				LastUpgradeCheck = 0800;
				ORGANIZATIONNAME = "Hugo Morelli";
				TargetAttributes = {
					68074F471DEB9CC1006A0151 = {
						CreatedOnToolsVersion = 8.0;
						ProvisioningStyle = Automatic;
					};
				};
			};
			buildConfigurationList = 68074F431DEB9CC1006A0151 /* Build configuration list for PBXProject "Photo Demo" */;
			compatibilityVersion = "Xcode 3.2";
			developmentRegion = English;
			hasScannedForEncodings = 0;
			knownRegions = (
				en,
				Base,
			);
			mainGroup = 68074F3F1DEB9CC1006A0151;
			productRefGroup = 68074F491DEB9CC1006A0151 /* Products */;
			projectDirPath = "";
			projectRoot = "";
			targets = (
				68074F471DEB9CC1006A0151 /* Photo Demo */,
			);
		};
/* End PBXProject section */

/* Begin PBXResourcesBuildPhase section */
		68074F461DEB9CC1006A0151 /* Resources */ = {
			isa = PBXResourcesBuildPhase;
			buildActionMask = 2147483647;
			files = (
				68074F561DEB9CC1006A0151 /* LaunchScreen.storyboard in Resources */,
				68074F531DEB9CC1006A0151 /* Assets.xcassets in Resources */,
				68074F511DEB9CC1006A0151 /* Main.storyboard in Resources */,
			);
			runOnlyForDeploymentPostprocessing = 0;
		};
/* End PBXResourcesBuildPhase section */

/* Begin PBXSourcesBuildPhase section */
		68074F441DEB9CC1006A0151 /* Sources */ = {
			isa = PBXSourcesBuildPhase;
			buildActionMask = 2147483647;
			files = (
				68074F4E1DEB9CC1006A0151 /* ViewController.swift in Sources */,
				68074F4C1DEB9CC1006A0151 /* AppDelegate.swift in Sources */,
			);
			runOnlyForDeploymentPostprocessing = 0;
		};
/* End PBXSourcesBuildPhase section */

/* Begin PBXVariantGroup section */
		68074F4F1DEB9CC1006A0151 /* Main.storyboard */ = {
			isa = PBXVariantGroup;
			children = (
				68074F501DEB9CC1006A0151 /* Base */,
			);
			name = Main.storyboard;
			sourceTree = "<group>";
		};
		68074F541DEB9CC1006A0151 /* LaunchScreen.storyboard */ = {
			isa = PBXVariantGroup;
			children = (
				68074F551DEB9CC1006A0151 /* Base */,
			);
			name = LaunchScreen.storyboard;
			sourceTree = "<group>";
		};
/* End PBXVariantGroup section */

/* Begin XCBuildConfiguration section */
		68074F581DEB9CC1006A0151 /* Debug */ = {
			isa = XCBuildConfiguration;
			buildSettings = {
				ALWAYS_SEARCH_USER_PATHS = NO;
				CLANG_ANALYZER_NONNULL = YES;
				CLANG_CXX_LANGUAGE_STANDARD = "gnu++0x";
				CLANG_CXX_LIBRARY = "libc++";
				CLANG_ENABLE_MODULES = YES;
				CLANG_ENABLE_OBJC_ARC = YES;
				CLANG_WARN_BOOL_CONVERSION = YES;
				CLANG_WARN_CONSTANT_CONVERSION = YES;
				CLANG_WARN_DIRECT_OBJC_ISA_USAGE = YES_ERROR;
				CLANG_WARN_DOCUMENTATION_COMMENTS = YES;
				CLANG_WARN_EMPTY_BODY = YES;
				CLANG_WARN_ENUM_CONVERSION = YES;
				CLANG_WARN_INFINITE_RECURSION = YES;
				CLANG_WARN_INT_CONVERSION = YES;
				CLANG_WARN_OBJC_ROOT_CLASS = YES_ERROR;
				CLANG_WARN_SUSPICIOUS_MOVES = YES;
				CLANG_WARN_UNREACHABLE_CODE = YES;
				CLANG_WARN__DUPLICATE_METHOD_MATCH = YES;
				"CODE_SIGN_IDENTITY[sdk=iphoneos*]" = "iPhone Developer";
				COPY_PHASE_STRIP = NO;
				DEBUG_INFORMATION_FORMAT = dwarf;
				ENABLE_STRICT_OBJC_MSGSEND = YES;
				ENABLE_TESTABILITY = YES;
				GCC_C_LANGUAGE_STANDARD = gnu99;
				GCC_DYNAMIC_NO_PIC = NO;
				GCC_NO_COMMON_BLOCKS = YES;
				GCC_OPTIMIZATION_LEVEL = 0;
				GCC_PREPROCESSOR_DEFINITIONS = (
					"DEBUG=1",
					"$(inherited)",
				);
				GCC_WARN_64_TO_32_BIT_CONVERSION = YES;
				GCC_WARN_ABOUT_RETURN_TYPE = YES_ERROR;
				GCC_WARN_UNDECLARED_SELECTOR = YES;
				GCC_WARN_UNINITIALIZED_AUTOS = YES_AGGRESSIVE;
				GCC_WARN_UNUSED_FUNCTION = YES;
				GCC_WARN_UNUSED_VARIABLE = YES;
				IPHONEOS_DEPLOYMENT_TARGET = 10.0;
				MTL_ENABLE_DEBUG_INFO = YES;
				ONLY_ACTIVE_ARCH = YES;
				SDKROOT = iphoneos;
				SWIFT_ACTIVE_COMPILATION_CONDITIONS = DEBUG;
				SWIFT_OPTIMIZATION_LEVEL = "-Onone";
				TARGETED_DEVICE_FAMILY = "1,2";
			};
			name = Debug;
		};
		68074F591DEB9CC1006A0151 /* Release */ = {
			isa = XCBuildConfiguration;
			buildSettings = {
				ALWAYS_SEARCH_USER_PATHS = NO;
				CLANG_ANALYZER_NONNULL = YES;
				CLANG_CXX_LANGUAGE_STANDARD = "gnu++0x";
				CLANG_CXX_LIBRARY = "libc++";
				CLANG_ENABLE_MODULES = YES;
				CLANG_ENABLE_OBJC_ARC = YES;
				CLANG_WARN_BOOL_CONVERSION = YES;
				CLANG_WARN_CONSTANT_CONVERSION = YES;
				CLANG_WARN_DIRECT_OBJC_ISA_USAGE = YES_ERROR;
				CLANG_WARN_DOCUMENTATION_COMMENTS = YES;
				CLANG_WARN_EMPTY_BODY = YES;
				CLANG_WARN_ENUM_CONVERSION = YES;
				CLANG_WARN_INFINITE_RECURSION = YES;
				CLANG_WARN_INT_CONVERSION = YES;
				CLANG_WARN_OBJC_ROOT_CLASS = YES_ERROR;
				CLANG_WARN_SUSPICIOUS_MOVES = YES;
				CLANG_WARN_UNREACHABLE_CODE = YES;
				CLANG_WARN__DUPLICATE_METHOD_MATCH = YES;
				"CODE_SIGN_IDENTITY[sdk=iphoneos*]" = "iPhone Developer";
				COPY_PHASE_STRIP = NO;
				DEBUG_INFORMATION_FORMAT = "dwarf-with-dsym";
				ENABLE_NS_ASSERTIONS = NO;
				ENABLE_STRICT_OBJC_MSGSEND = YES;
				GCC_C_LANGUAGE_STANDARD = gnu99;
				GCC_NO_COMMON_BLOCKS = YES;
				GCC_WARN_64_TO_32_BIT_CONVERSION = YES;
				GCC_WARN_ABOUT_RETURN_TYPE = YES_ERROR;
				GCC_WARN_UNDECLARED_SELECTOR = YES;
				GCC_WARN_UNINITIALIZED_AUTOS = YES_AGGRESSIVE;
				GCC_WARN_UNUSED_FUNCTION = YES;
				GCC_WARN_UNUSED_VARIABLE = YES;
				IPHONEOS_DEPLOYMENT_TARGET = 10.0;
				MTL_ENABLE_DEBUG_INFO = NO;
				SDKROOT = iphoneos;
				SWIFT_OPTIMIZATION_LEVEL = "-Owholemodule";
				TARGETED_DEVICE_FAMILY = "1,2";
				VALIDATE_PRODUCT = YES;
			};
			name = Release;
		};
		68074F5B1DEB9CC1006A0151 /* Debug */ = {
			isa = XCBuildConfiguration;
			buildSettings = {
				ASSETCATALOG_COMPILER_APPICON_NAME = AppIcon;
				INFOPLIST_FILE = "Photo Demo/Info.plist";
				LD_RUNPATH_SEARCH_PATHS = "$(inherited) @executable_path/Frameworks";
				PRODUCT_BUNDLE_IDENTIFIER = "com.hugo.Photo-Demo";
				PRODUCT_NAME = "$(TARGET_NAME)";
				SWIFT_VERSION = 3.0;
			};
			name = Debug;
		};
		68074F5C1DEB9CC1006A0151 /* Release */ = {
			isa = XCBuildConfiguration;
			buildSettings = {
				ASSETCATALOG_COMPILER_APPICON_NAME = AppIcon;
				INFOPLIST_FILE = "Photo Demo/Info.plist";
				LD_RUNPATH_SEARCH_PATHS = "$(inherited) @executable_path/Frameworks";
				PRODUCT_BUNDLE_IDENTIFIER = "com.hugo.Photo-Demo";
				PRODUCT_NAME = "$(TARGET_NAME)";
				SWIFT_VERSION = 3.0;
			};
			name = Release;
		};
/* End XCBuildConfiguration section */

/* Begin XCConfigurationList section */
		68074F431DEB9CC1006A0151 /* Build configuration list for PBXProject "Photo Demo" */ = {
			isa = XCConfigurationList;
			buildConfigurations = (
				68074F581DEB9CC1006A0151 /* Debug */,
				68074F591DEB9CC1006A0151 /* Release */,
			);
			defaultConfigurationIsVisible = 0;
			defaultConfigurationName = Release;
		};
		68074F5A1DEB9CC1006A0151 /* Build configuration list for PBXNativeTarget "Photo Demo" */ = {
			isa = XCConfigurationList;
			buildConfigurations = (
				68074F5B1DEB9CC1006A0151 /* Debug */,
				68074F5C1DEB9CC1006A0151 /* Release */,
			);
			defaultConfigurationIsVisible = 0;
		};
/* End XCConfigurationList section */
	};
	rootObject = 68074F401DEB9CC1006A0151 /* Project object */;
}
